# This file is automatically @generated by Cargo.
# It is not intended for manual editing.
version = 4

[[package]]
name = "winmon-l1-memory"
version = "0.1.0"

[[package]]
name = "winmon-l2-ownership"
version = "0.1.0"

[[package]]
name = "winmon-l3-borrow"
version = "0.1.0"

[[package]]
name = "winmon-l4-model"
version = "0.1.0"

[[package]]
name = "winmon-l5-report"
version = "0.1.0"
